
Microsoft Visual Studio Solution File, Format Version 12.00
# Visual Studio Version 17
VisualStudioVersion = 17.10.35122.118
MinimumVisualStudioVersion = 10.0.40219.1
Project("{FAE04EC0-301F-11D3-BF4B-00C04F79EFBC}") = "SampleLibrary", "SampleLibrary\SampleLibrary.csproj", "{CB50845E-8F6B-4444-A8A3-035EC18653E3}"
EndProject
Project("{FAE04EC0-301F-11D3-BF4B-00C04F79EFBC}") = "AppDomainDynaimcUnload", "AppDomainDynaimcUnload\AppDomainDynaimcUnload.csproj", "{3527574A-016B-43F7-9250-D3C2A6A3818B}"
EndProject
Global
	GlobalSection(SolutionConfigurationPlatforms) = preSolution
		Debug|Any CPU = Debug|Any CPU
		Release|Any CPU = Release|Any CPU
	EndGlobalSection
	GlobalSection(ProjectConfigurationPlatforms) = postSolution
		{CB50845E-8F6B-4444-A8A3-035EC18653E3}.Debug|Any CPU.ActiveCfg = Debug|Any CPU
		{CB50845E-8F6B-4444-A8A3-035EC18653E3}.Debug|Any CPU.Build.0 = Debug|Any CPU
		{CB50845E-8F6B-4444-A8A3-035EC18653E3}.Release|Any CPU.ActiveCfg = Release|Any CPU
		{CB50845E-8F6B-4444-A8A3-035EC18653E3}.Release|Any CPU.Build.0 = Release|Any CPU
		{3527574A-016B-43F7-9250-D3C2A6A3818B}.Debug|Any CPU.ActiveCfg = Debug|Any CPU
		{3527574A-016B-43F7-9250-D3C2A6A3818B}.Debug|Any CPU.Build.0 = Debug|Any CPU
		{3527574A-016B-43F7-9250-D3C2A6A3818B}.Release|Any CPU.ActiveCfg = Release|Any CPU
		{3527574A-016B-43F7-9250-D3C2A6A3818B}.Release|Any CPU.Build.0 = Release|Any CPU
	EndGlobalSection
	GlobalSection(SolutionProperties) = preSolution
		HideSolutionNode = FALSE
	EndGlobalSection
	GlobalSection(ExtensibilityGlobals) = postSolution
		SolutionGuid = {C65551E4-04BC-4769-9FEE-676BD7704FE5}
	EndGlobalSection
EndGlobal
